// !$*UTF8*$!
{
	archiveVersion = 1;
	classes = {
	};
	objectVersion = 46;
	objects = {

/* Begin PBXBuildFile section */
		EC57D1E01B14C6A600059AAD /* main.m in Sources */ = {isa = PBXBuildFile; fileRef = EC57D1DF1B14C6A600059AAD /* main.m */; };
		EC57D1E31B14C6A600059AAD /* AppDelegate.m in Sources */ = {isa = PBXBuildFile; fileRef = EC57D1E21B14C6A600059AAD /* AppDelegate.m */; };
		EC57D1E61B14C6A600059AAD /* SimpleViewController.m in Sources */ = {isa = PBXBuildFile; fileRef = EC57D1E51B14C6A600059AAD /* SimpleViewController.m */; };
		EC57D1EB1B14C6A600059AAD /* Images.xcassets in Resources */ = {isa = PBXBuildFile; fileRef = EC57D1EA1B14C6A600059AAD /* Images.xcassets */; };
		EC57D1EE1B14C6A600059AAD /* LaunchScreen.xib in Resources */ = {isa = PBXBuildFile; fileRef = EC57D1EC1B14C6A600059AAD /* LaunchScreen.xib */; };
		EC57D2051B14C78800059AAD /* FormViewController.m in Sources */ = {isa = PBXBuildFile; fileRef = EC57D2041B14C78800059AAD /* FormViewController.m */; };
		EC57D2081B14C80000059AAD /* UIView+Autolayout.m in Sources */ = {isa = PBXBuildFile; fileRef = EC57D2071B14C80000059AAD /* UIView+Autolayout.m */; };
		EC57D20B1B14D28B00059AAD /* MiscViewController.m in Sources */ = {isa = PBXBuildFile; fileRef = EC57D20A1B14D28B00059AAD /* MiscViewController.m */; };
		EC57D20E1B14FD5600059AAD /* UIColor+Chameleon.m in Sources */ = {isa = PBXBuildFile; fileRef = EC57D20D1B14FD5600059AAD /* UIColor+Chameleon.m */; };
		EC57D2121B14FDFC00059AAD /* UIColor+CIELAB.m in Sources */ = {isa = PBXBuildFile; fileRef = EC57D2111B14FDFC00059AAD /* UIColor+CIELAB.m */; };
/* End PBXBuildFile section */

/* Begin PBXFileReference section */
		EC57D1DA1B14C6A600059AAD /* vfl-sample.app */ = {isa = PBXFileReference; explicitFileType = wrapper.application; includeInIndex = 0; path = "vfl-sample.app"; sourceTree = BUILT_PRODUCTS_DIR; };
		EC57D1DE1B14C6A600059AAD /* Info.plist */ = {isa = PBXFileReference; lastKnownFileType = text.plist.xml; path = Info.plist; sourceTree = "<group>"; };
		EC57D1DF1B14C6A600059AAD /* main.m */ = {isa = PBXFileReference; lastKnownFileType = sourcecode.c.objc; path = main.m; sourceTree = "<group>"; };
		EC57D1E11B14C6A600059AAD /* AppDelegate.h */ = {isa = PBXFileReference; lastKnownFileType = sourcecode.c.h; path = AppDelegate.h; sourceTree = "<group>"; };
		EC57D1E21B14C6A600059AAD /* AppDelegate.m */ = {isa = PBXFileReference; lastKnownFileType = sourcecode.c.objc; path = AppDelegate.m; sourceTree = "<group>"; };
		EC57D1E41B14C6A600059AAD /* SimpleViewController.h */ = {isa = PBXFileReference; lastKnownFileType = sourcecode.c.h; path = SimpleViewController.h; sourceTree = "<group>"; };
		EC57D1E51B14C6A600059AAD /* SimpleViewController.m */ = {isa = PBXFileReference; lastKnownFileType = sourcecode.c.objc; path = SimpleViewController.m; sourceTree = "<group>"; };
		EC57D1EA1B14C6A600059AAD /* Images.xcassets */ = {isa = PBXFileReference; lastKnownFileType = folder.assetcatalog; path = Images.xcassets; sourceTree = "<group>"; };
		EC57D1ED1B14C6A600059AAD /* Base */ = {isa = PBXFileReference; lastKnownFileType = file.xib; name = Base; path = Base.lproj/LaunchScreen.xib; sourceTree = "<group>"; };
		EC57D2031B14C78800059AAD /* FormViewController.h */ = {isa = PBXFileReference; fileEncoding = 4; lastKnownFileType = sourcecode.c.h; path = FormViewController.h; sourceTree = "<group>"; };
		EC57D2041B14C78800059AAD /* FormViewController.m */ = {isa = PBXFileReference; fileEncoding = 4; lastKnownFileType = sourcecode.c.objc; path = FormViewController.m; sourceTree = "<group>"; };
		EC57D2061B14C80000059AAD /* UIView+Autolayout.h */ = {isa = PBXFileReference; fileEncoding = 4; lastKnownFileType = sourcecode.c.h; path = "UIView+Autolayout.h"; sourceTree = "<group>"; };
		EC57D2071B14C80000059AAD /* UIView+Autolayout.m */ = {isa = PBXFileReference; fileEncoding = 4; lastKnownFileType = sourcecode.c.objc; path = "UIView+Autolayout.m"; sourceTree = "<group>"; };
		EC57D2091B14D28B00059AAD /* MiscViewController.h */ = {isa = PBXFileReference; fileEncoding = 4; lastKnownFileType = sourcecode.c.h; path = MiscViewController.h; sourceTree = "<group>"; };
		EC57D20A1B14D28B00059AAD /* MiscViewController.m */ = {isa = PBXFileReference; fileEncoding = 4; lastKnownFileType = sourcecode.c.objc; path = MiscViewController.m; sourceTree = "<group>"; };
		EC57D20C1B14FD5600059AAD /* UIColor+Chameleon.h */ = {isa = PBXFileReference; fileEncoding = 4; lastKnownFileType = sourcecode.c.h; path = "UIColor+Chameleon.h"; sourceTree = "<group>"; };
		EC57D20D1B14FD5600059AAD /* UIColor+Chameleon.m */ = {isa = PBXFileReference; fileEncoding = 4; lastKnownFileType = sourcecode.c.objc; path = "UIColor+Chameleon.m"; sourceTree = "<group>"; };
		EC57D20F1B14FD8800059AAD /* ChameleonMacros.h */ = {isa = PBXFileReference; lastKnownFileType = sourcecode.c.h; path = ChameleonMacros.h; sourceTree = "<group>"; };
		EC57D2101B14FDFC00059AAD /* UIColor+CIELAB.h */ = {isa = PBXFileReference; fileEncoding = 4; lastKnownFileType = sourcecode.c.h; path = "UIColor+CIELAB.h"; sourceTree = "<group>"; };
		EC57D2111B14FDFC00059AAD /* UIColor+CIELAB.m */ = {isa = PBXFileReference; fileEncoding = 4; lastKnownFileType = sourcecode.c.objc; path = "UIColor+CIELAB.m"; sourceTree = "<group>"; };
/* End PBXFileReference section */

/* Begin PBXFrameworksBuildPhase section */
		EC57D1D71B14C6A600059AAD /* Frameworks */ = {
			isa = PBXFrameworksBuildPhase;
			buildActionMask = 2147483647;
			files = (
			);
			runOnlyForDeploymentPostprocessing = 0;
		};
/* End PBXFrameworksBuildPhase section */

/* Begin PBXGroup section */
		EC57D1D11B14C6A600059AAD = {
			isa = PBXGroup;
			children = (
				EC57D1DC1B14C6A600059AAD /* vfl-sample */,
				EC57D1DB1B14C6A600059AAD /* Products */,
			);
			sourceTree = "<group>";
		};
		EC57D1DB1B14C6A600059AAD /* Products */ = {
			isa = PBXGroup;
			children = (
				EC57D1DA1B14C6A600059AAD /* vfl-sample.app */,
			);
			name = Products;
			sourceTree = "<group>";
		};
		EC57D1DC1B14C6A600059AAD /* vfl-sample */ = {
			isa = PBXGroup;
			children = (
				EC57D1E11B14C6A600059AAD /* AppDelegate.h */,
				EC57D1E21B14C6A600059AAD /* AppDelegate.m */,
				EC57D2031B14C78800059AAD /* FormViewController.h */,
				EC57D2041B14C78800059AAD /* FormViewController.m */,
				EC57D1EA1B14C6A600059AAD /* Images.xcassets */,
				EC57D1EC1B14C6A600059AAD /* LaunchScreen.xib */,
				EC57D2091B14D28B00059AAD /* MiscViewController.h */,
				EC57D20A1B14D28B00059AAD /* MiscViewController.m */,
				EC57D1E41B14C6A600059AAD /* SimpleViewController.h */,
				EC57D1E51B14C6A600059AAD /* SimpleViewController.m */,
				EC57D1DD1B14C6A600059AAD /* Supporting Files */,
				EC57D2061B14C80000059AAD /* UIView+Autolayout.h */,
				EC57D2071B14C80000059AAD /* UIView+Autolayout.m */,
			);
			path = "vfl-sample";
			sourceTree = "<group>";
		};
		EC57D1DD1B14C6A600059AAD /* Supporting Files */ = {
			isa = PBXGroup;
			children = (
				EC57D2101B14FDFC00059AAD /* UIColor+CIELAB.h */,
				EC57D2111B14FDFC00059AAD /* UIColor+CIELAB.m */,
				EC57D1DE1B14C6A600059AAD /* Info.plist */,
				EC57D1DF1B14C6A600059AAD /* main.m */,
				EC57D20C1B14FD5600059AAD /* UIColor+Chameleon.h */,
				EC57D20D1B14FD5600059AAD /* UIColor+Chameleon.m */,
				EC57D20F1B14FD8800059AAD /* ChameleonMacros.h */,
			);
			name = "Supporting Files";
			sourceTree = "<group>";
		};
/* End PBXGroup section */

/* Begin PBXNativeTarget section */
		EC57D1D91B14C6A600059AAD /* vfl-sample */ = {
			isa = PBXNativeTarget;
			buildConfigurationList = EC57D1FD1B14C6A600059AAD /* Build configuration list for PBXNativeTarget "vfl-sample" */;
			buildPhases = (
				EC57D1D61B14C6A600059AAD /* Sources */,
				EC57D1D71B14C6A600059AAD /* Frameworks */,
				EC57D1D81B14C6A600059AAD /* Resources */,
			);
			buildRules = (
			);
			dependencies = (
			);
			name = "vfl-sample";
			productName = "vfl-sample";
			productReference = EC57D1DA1B14C6A600059AAD /* vfl-sample.app */;
			productType = "com.apple.product-type.application";
		};
/* End PBXNativeTarget section */

/* Begin PBXProject section */
		EC57D1D21B14C6A600059AAD /* Project object */ = {
			isa = PBXProject;
			attributes = {
				LastUpgradeCheck = 0630;
				ORGANIZATIONNAME = CocoaHeads;
				TargetAttributes = {
					EC57D1D91B14C6A600059AAD = {
						CreatedOnToolsVersion = 6.3.1;
					};
				};
			};
			buildConfigurationList = EC57D1D51B14C6A600059AAD /* Build configuration list for PBXProject "vfl-sample" */;
			compatibilityVersion = "Xcode 3.2";
			developmentRegion = English;
			hasScannedForEncodings = 0;
			knownRegions = (
				en,
				Base,
			);
			mainGroup = EC57D1D11B14C6A600059AAD;
			productRefGroup = EC57D1DB1B14C6A600059AAD /* Products */;
			projectDirPath = "";
			projectRoot = "";
			targets = (
				EC57D1D91B14C6A600059AAD /* vfl-sample */,
			);
		};
/* End PBXProject section */

/* Begin PBXResourcesBuildPhase section */
		EC57D1D81B14C6A600059AAD /* Resources */ = {
			isa = PBXResourcesBuildPhase;
			buildActionMask = 2147483647;
			files = (
				EC57D1EE1B14C6A600059AAD /* LaunchScreen.xib in Resources */,
				EC57D1EB1B14C6A600059AAD /* Images.xcassets in Resources */,
			);
			runOnlyForDeploymentPostprocessing = 0;
		};
/* End PBXResourcesBuildPhase section */

/* Begin PBXSourcesBuildPhase section */
		EC57D1D61B14C6A600059AAD /* Sources */ = {
			isa = PBXSourcesBuildPhase;
			buildActionMask = 2147483647;
			files = (
				EC57D1E61B14C6A600059AAD /* SimpleViewController.m in Sources */,
				EC57D20E1B14FD5600059AAD /* UIColor+Chameleon.m in Sources */,
				EC57D1E31B14C6A600059AAD /* AppDelegate.m in Sources */,
				EC57D2121B14FDFC00059AAD /* UIColor+CIELAB.m in Sources */,
				EC57D20B1B14D28B00059AAD /* MiscViewController.m in Sources */,
				EC57D2081B14C80000059AAD /* UIView+Autolayout.m in Sources */,
				EC57D2051B14C78800059AAD /* FormViewController.m in Sources */,
				EC57D1E01B14C6A600059AAD /* main.m in Sources */,
			);
			runOnlyForDeploymentPostprocessing = 0;
		};
/* End PBXSourcesBuildPhase section */

/* Begin PBXVariantGroup section */
		EC57D1EC1B14C6A600059AAD /* LaunchScreen.xib */ = {
			isa = PBXVariantGroup;
			children = (
				EC57D1ED1B14C6A600059AAD /* Base */,
			);
			name = LaunchScreen.xib;
			sourceTree = "<group>";
		};
/* End PBXVariantGroup section */

/* Begin XCBuildConfiguration section */
		EC57D1FB1B14C6A600059AAD /* Debug */ = {
			isa = XCBuildConfiguration;
			buildSettings = {
				ALWAYS_SEARCH_USER_PATHS = NO;
				CLANG_CXX_LANGUAGE_STANDARD = "gnu++0x";
				CLANG_CXX_LIBRARY = "libc++";
				CLANG_ENABLE_MODULES = YES;
				CLANG_ENABLE_OBJC_ARC = YES;
				CLANG_WARN_BOOL_CONVERSION = YES;
				CLANG_WARN_CONSTANT_CONVERSION = YES;
				CLANG_WARN_DIRECT_OBJC_ISA_USAGE = YES_ERROR;
				CLANG_WARN_EMPTY_BODY = YES;
				CLANG_WARN_ENUM_CONVERSION = YES;
				CLANG_WARN_INT_CONVERSION = YES;
				CLANG_WARN_OBJC_ROOT_CLASS = YES_ERROR;
				CLANG_WARN_UNREACHABLE_CODE = YES;
				CLANG_WARN__DUPLICATE_METHOD_MATCH = YES;
				"CODE_SIGN_IDENTITY[sdk=iphoneos*]" = "iPhone Developer";
				COPY_PHASE_STRIP = NO;
				DEBUG_INFORMATION_FORMAT = "dwarf-with-dsym";
				ENABLE_STRICT_OBJC_MSGSEND = YES;
				GCC_C_LANGUAGE_STANDARD = gnu99;
				GCC_DYNAMIC_NO_PIC = NO;
				GCC_NO_COMMON_BLOCKS = YES;
				GCC_OPTIMIZATION_LEVEL = 0;
				GCC_PREPROCESSOR_DEFINITIONS = (
					"DEBUG=1",
					"$(inherited)",
				);
				GCC_SYMBOLS_PRIVATE_EXTERN = NO;
				GCC_WARN_64_TO_32_BIT_CONVERSION = YES;
				GCC_WARN_ABOUT_RETURN_TYPE = YES_ERROR;
				GCC_WARN_UNDECLARED_SELECTOR = YES;
				GCC_WARN_UNINITIALIZED_AUTOS = YES_AGGRESSIVE;
				GCC_WARN_UNUSED_FUNCTION = YES;
				GCC_WARN_UNUSED_VARIABLE = YES;
				IPHONEOS_DEPLOYMENT_TARGET = 8.3;
				MTL_ENABLE_DEBUG_INFO = YES;
				ONLY_ACTIVE_ARCH = YES;
				SDKROOT = iphoneos;
				TARGETED_DEVICE_FAMILY = "1,2";
			};
			name = Debug;
		};
		EC57D1FC1B14C6A600059AAD /* Release */ = {
			isa = XCBuildConfiguration;
			buildSettings = {
				ALWAYS_SEARCH_USER_PATHS = NO;
				CLANG_CXX_LANGUAGE_STANDARD = "gnu++0x";
				CLANG_CXX_LIBRARY = "libc++";
				CLANG_ENABLE_MODULES = YES;
				CLANG_ENABLE_OBJC_ARC = YES;
				CLANG_WARN_BOOL_CONVERSION = YES;
				CLANG_WARN_CONSTANT_CONVERSION = YES;
				CLANG_WARN_DIRECT_OBJC_ISA_USAGE = YES_ERROR;
				CLANG_WARN_EMPTY_BODY = YES;
				CLANG_WARN_ENUM_CONVERSION = YES;
				CLANG_WARN_INT_CONVERSION = YES;
				CLANG_WARN_OBJC_ROOT_CLASS = YES_ERROR;
				CLANG_WARN_UNREACHABLE_CODE = YES;
				CLANG_WARN__DUPLICATE_METHOD_MATCH = YES;
				"CODE_SIGN_IDENTITY[sdk=iphoneos*]" = "iPhone Developer";
				COPY_PHASE_STRIP = NO;
				DEBUG_INFORMATION_FORMAT = "dwarf-with-dsym";
				ENABLE_NS_ASSERTIONS = NO;
				ENABLE_STRICT_OBJC_MSGSEND = YES;
				GCC_C_LANGUAGE_STANDARD = gnu99;
				GCC_NO_COMMON_BLOCKS = YES;
				GCC_WARN_64_TO_32_BIT_CONVERSION = YES;
				GCC_WARN_ABOUT_RETURN_TYPE = YES_ERROR;
				GCC_WARN_UNDECLARED_SELECTOR = YES;
				GCC_WARN_UNINITIALIZED_AUTOS = YES_AGGRESSIVE;
				GCC_WARN_UNUSED_FUNCTION = YES;
				GCC_WARN_UNUSED_VARIABLE = YES;
				IPHONEOS_DEPLOYMENT_TARGET = 8.3;
				MTL_ENABLE_DEBUG_INFO = NO;
				SDKROOT = iphoneos;
				TARGETED_DEVICE_FAMILY = "1,2";
				VALIDATE_PRODUCT = YES;
			};
			name = Release;
		};
		EC57D1FE1B14C6A600059AAD /* Debug */ = {
			isa = XCBuildConfiguration;
			buildSettings = {
				ASSETCATALOG_COMPILER_APPICON_NAME = AppIcon;
				INFOPLIST_FILE = "vfl-sample/Info.plist";
				LD_RUNPATH_SEARCH_PATHS = "$(inherited) @executable_path/Frameworks";
				PRODUCT_NAME = "$(TARGET_NAME)";
			};
			name = Debug;
		};
		EC57D1FF1B14C6A600059AAD /* Release */ = {
			isa = XCBuildConfiguration;
			buildSettings = {
				ASSETCATALOG_COMPILER_APPICON_NAME = AppIcon;
				INFOPLIST_FILE = "vfl-sample/Info.plist";
				LD_RUNPATH_SEARCH_PATHS = "$(inherited) @executable_path/Frameworks";
				PRODUCT_NAME = "$(TARGET_NAME)";
			};
			name = Release;
		};
/* End XCBuildConfiguration section */

/* Begin XCConfigurationList section */
		EC57D1D51B14C6A600059AAD /* Build configuration list for PBXProject "vfl-sample" */ = {
			isa = XCConfigurationList;
			buildConfigurations = (
				EC57D1FB1B14C6A600059AAD /* Debug */,
				EC57D1FC1B14C6A600059AAD /* Release */,
			);
			defaultConfigurationIsVisible = 0;
			defaultConfigurationName = Release;
		};
		EC57D1FD1B14C6A600059AAD /* Build configuration list for PBXNativeTarget "vfl-sample" */ = {
			isa = XCConfigurationList;
			buildConfigurations = (
				EC57D1FE1B14C6A600059AAD /* Debug */,
				EC57D1FF1B14C6A600059AAD /* Release */,
			);
			defaultConfigurationIsVisible = 0;
		};
/* End XCConfigurationList section */
	};
	rootObject = EC57D1D21B14C6A600059AAD /* Project object */;
}
